Microsoft Visual Studio Solution File, Format Version 11.00
# Visual Studio 2008

Project("{77CB7F42-2381-E0DD-B3B9-3CDA814249CA}") = "CosmicWar", "Assembly-CSharp.csproj", "{3B87C816-13E0-D077-E569-6994E3C31941}"
EndProject
Global
	GlobalSection(SolutionConfigurationPlatforms) = preSolution
		Debug|Any CPU = Debug|Any CPU
		Release|Any CPU = Release|Any CPU
	EndGlobalSection
	GlobalSection(ProjectConfigurationPlatforms) = postSolution
		{3B87C816-13E0-D077-E569-6994E3C31941}.Debug|Any CPU.ActiveCfg = Debug|Any CPU
		{3B87C816-13E0-D077-E569-6994E3C31941}.Debug|Any CPU.Build.0 = Debug|Any CPU
		{3B87C816-13E0-D077-E569-6994E3C31941}.Release|Any CPU.ActiveCfg = Release|Any CPU
		{3B87C816-13E0-D077-E569-6994E3C31941}.Release|Any CPU.Build.0 = Release|Any CPU
	EndGlobalSection
	GlobalSection(SolutionProperties) = preSolution
		HideSolutionNode = FALSE
	EndGlobalSection
	GlobalSection(MonoDevelopProperties) = preSolution
		StartupItem = Assembly-CSharp.csproj
	EndGlobalSection
EndGlobal
